
Microsoft Visual Studio Solution File, Format Version 12.00
# Visual Studio Version 16
VisualStudioVersion = 16.0.29403.142
MinimumVisualStudioVersion = 10.0.40219.1
Project("{FAE04EC0-301F-11D3-BF4B-00C04F79EFBC}") = "AugenBookStore", "AugenBookStore\AugenBookStore.csproj", "{01D2FB1D-DDBE-4E8B-A33F-841130CF7907}"
EndProject
Project("{FAE04EC0-301F-11D3-BF4B-00C04F79EFBC}") = "AugenBookStore.Repositories", "AugenBookStore.Repositories\AugenBookStore.Repositories.csproj", "{FD2E5E7B-F2F1-4AA5-8D3B-03043DF03F10}"
EndProject
Project("{FAE04EC0-301F-11D3-BF4B-00C04F79EFBC}") = "AugenBookStore.Common", "AugenBookStore.Common\AugenBookStore.Common.csproj", "{7BB0B56D-D3EE-4126-ADA1-4FA04A88276F}"
EndProject
Project("{FAE04EC0-301F-11D3-BF4B-00C04F79EFBC}") = "AugenBookStore.Services", "AugenBookStore.Services\AugenBookStore.Services.csproj", "{95607DC1-5F8E-487A-AC19-D94A799DE2E9}"
EndProject
Global
	GlobalSection(SolutionConfigurationPlatforms) = preSolution
		Debug|Any CPU = Debug|Any CPU
		Release|Any CPU = Release|Any CPU
	EndGlobalSection
	GlobalSection(ProjectConfigurationPlatforms) = postSolution
		{01D2FB1D-DDBE-4E8B-A33F-841130CF7907}.Debug|Any CPU.ActiveCfg = Debug|Any CPU
		{01D2FB1D-DDBE-4E8B-A33F-841130CF7907}.Debug|Any CPU.Build.0 = Debug|Any CPU
		{01D2FB1D-DDBE-4E8B-A33F-841130CF7907}.Release|Any CPU.ActiveCfg = Release|Any CPU
		{01D2FB1D-DDBE-4E8B-A33F-841130CF7907}.Release|Any CPU.Build.0 = Release|Any CPU
		{FD2E5E7B-F2F1-4AA5-8D3B-03043DF03F10}.Debug|Any CPU.ActiveCfg = Debug|Any CPU
		{FD2E5E7B-F2F1-4AA5-8D3B-03043DF03F10}.Debug|Any CPU.Build.0 = Debug|Any CPU
		{FD2E5E7B-F2F1-4AA5-8D3B-03043DF03F10}.Release|Any CPU.ActiveCfg = Release|Any CPU
		{FD2E5E7B-F2F1-4AA5-8D3B-03043DF03F10}.Release|Any CPU.Build.0 = Release|Any CPU
		{7BB0B56D-D3EE-4126-ADA1-4FA04A88276F}.Debug|Any CPU.ActiveCfg = Debug|Any CPU
		{7BB0B56D-D3EE-4126-ADA1-4FA04A88276F}.Debug|Any CPU.Build.0 = Debug|Any CPU
		{7BB0B56D-D3EE-4126-ADA1-4FA04A88276F}.Release|Any CPU.ActiveCfg = Release|Any CPU
		{7BB0B56D-D3EE-4126-ADA1-4FA04A88276F}.Release|Any CPU.Build.0 = Release|Any CPU
		{95607DC1-5F8E-487A-AC19-D94A799DE2E9}.Debug|Any CPU.ActiveCfg = Debug|Any CPU
		{95607DC1-5F8E-487A-AC19-D94A799DE2E9}.Debug|Any CPU.Build.0 = Debug|Any CPU
		{95607DC1-5F8E-487A-AC19-D94A799DE2E9}.Release|Any CPU.ActiveCfg = Release|Any CPU
		{95607DC1-5F8E-487A-AC19-D94A799DE2E9}.Release|Any CPU.Build.0 = Release|Any CPU
	EndGlobalSection
	GlobalSection(SolutionProperties) = preSolution
		HideSolutionNode = FALSE
	EndGlobalSection
	GlobalSection(ExtensibilityGlobals) = postSolution
		SolutionGuid = {B88BD38B-3469-4974-83E2-3231F076122D}
	EndGlobalSection
EndGlobal
